{
    "name": "@types/vscode",
    "version": "1.95.0",
    "lockfileVersion": 3,
    "requires": true,
    "packages": {
        "": {
            "name": "@types/vscode",
            "version": "1.95.0",
            "license": "MIT",
            "dependencies": {
                "@types/vscode": "file:"
            }
        },
        "node_modules/@types/vscode": {
            "resolved": "",
            "link": true
        }
    }
}
